// !$*UTF8*$!
{
	archiveVersion = 1;
	classes = {
	};
	objectVersion = 46;
	objects = {

/* Begin PBXBuildFile section */
		82360E191EFD7C24004CBCDD /* Lesson5.swift in Sources */ = {isa = PBXBuildFile; fileRef = 82360E181EFD7C24004CBCDD /* Lesson5.swift */; };
		82455F5D1EF4340F00B49AC1 /* AppDelegate.swift in Sources */ = {isa = PBXBuildFile; fileRef = 82455F5C1EF4340F00B49AC1 /* AppDelegate.swift */; };
		82455F5F1EF4340F00B49AC1 /* ViewController.swift in Sources */ = {isa = PBXBuildFile; fileRef = 82455F5E1EF4340F00B49AC1 /* ViewController.swift */; };
		82455F611EF4340F00B49AC1 /* Assets.xcassets in Resources */ = {isa = PBXBuildFile; fileRef = 82455F601EF4340F00B49AC1 /* Assets.xcassets */; };
		82455F641EF4340F00B49AC1 /* Main.storyboard in Resources */ = {isa = PBXBuildFile; fileRef = 82455F621EF4340F00B49AC1 /* Main.storyboard */; };
		82455F7A1EF4352500B49AC1 /* Lesson1.swift in Sources */ = {isa = PBXBuildFile; fileRef = 82455F791EF4352500B49AC1 /* Lesson1.swift */; };
		82455F7C1EF4399C00B49AC1 /* Lesson2.swift in Sources */ = {isa = PBXBuildFile; fileRef = 82455F7B1EF4399C00B49AC1 /* Lesson2.swift */; };
		82455F7E1EF43B0000B49AC1 /* Lesson3.swift in Sources */ = {isa = PBXBuildFile; fileRef = 82455F7D1EF43B0000B49AC1 /* Lesson3.swift */; };
		825F9F9D1EF6B1D2006632B8 /* Lesson4.swift in Sources */ = {isa = PBXBuildFile; fileRef = 825F9F9C1EF6B1D2006632B8 /* Lesson4.swift */; };
/* End PBXBuildFile section */

/* Begin PBXContainerItemProxy section */
		82455F6B1EF4340F00B49AC1 /* PBXContainerItemProxy */ = {
			isa = PBXContainerItemProxy;
			containerPortal = 82455F511EF4340E00B49AC1 /* Project object */;
			proxyType = 1;
			remoteGlobalIDString = 82455F581EF4340F00B49AC1;
			remoteInfo = CodilityExercises;
		};
/* End PBXContainerItemProxy section */

/* Begin PBXFileReference section */
		82360E181EFD7C24004CBCDD /* Lesson5.swift */ = {isa = PBXFileReference; fileEncoding = 4; lastKnownFileType = sourcecode.swift; path = Lesson5.swift; sourceTree = "<group>"; };
		82455F591EF4340F00B49AC1 /* CodilityExercises.app */ = {isa = PBXFileReference; explicitFileType = wrapper.application; includeInIndex = 0; path = CodilityExercises.app; sourceTree = BUILT_PRODUCTS_DIR; };
		82455F5C1EF4340F00B49AC1 /* AppDelegate.swift */ = {isa = PBXFileReference; lastKnownFileType = sourcecode.swift; path = AppDelegate.swift; sourceTree = "<group>"; };
		82455F5E1EF4340F00B49AC1 /* ViewController.swift */ = {isa = PBXFileReference; lastKnownFileType = sourcecode.swift; path = ViewController.swift; sourceTree = "<group>"; };
		82455F601EF4340F00B49AC1 /* Assets.xcassets */ = {isa = PBXFileReference; lastKnownFileType = folder.assetcatalog; path = Assets.xcassets; sourceTree = "<group>"; };
		82455F631EF4340F00B49AC1 /* Base */ = {isa = PBXFileReference; lastKnownFileType = file.storyboard; name = Base; path = Base.lproj/Main.storyboard; sourceTree = "<group>"; };
		82455F651EF4340F00B49AC1 /* Info.plist */ = {isa = PBXFileReference; lastKnownFileType = text.plist.xml; path = Info.plist; sourceTree = "<group>"; };
		82455F6A1EF4340F00B49AC1 /* CodilityExercisesTests.xctest */ = {isa = PBXFileReference; explicitFileType = wrapper.cfbundle; includeInIndex = 0; path = CodilityExercisesTests.xctest; sourceTree = BUILT_PRODUCTS_DIR; };
		82455F701EF4340F00B49AC1 /* Info.plist */ = {isa = PBXFileReference; lastKnownFileType = text.plist.xml; path = Info.plist; sourceTree = "<group>"; };
		82455F791EF4352500B49AC1 /* Lesson1.swift */ = {isa = PBXFileReference; fileEncoding = 4; lastKnownFileType = sourcecode.swift; path = Lesson1.swift; sourceTree = "<group>"; };
		82455F7B1EF4399C00B49AC1 /* Lesson2.swift */ = {isa = PBXFileReference; fileEncoding = 4; lastKnownFileType = sourcecode.swift; path = Lesson2.swift; sourceTree = "<group>"; };
		82455F7D1EF43B0000B49AC1 /* Lesson3.swift */ = {isa = PBXFileReference; fileEncoding = 4; lastKnownFileType = sourcecode.swift; path = Lesson3.swift; sourceTree = "<group>"; };
		825F9F9C1EF6B1D2006632B8 /* Lesson4.swift */ = {isa = PBXFileReference; fileEncoding = 4; lastKnownFileType = sourcecode.swift; path = Lesson4.swift; sourceTree = "<group>"; };
/* End PBXFileReference section */

/* Begin PBXFrameworksBuildPhase section */
		82455F561EF4340F00B49AC1 /* Frameworks */ = {
			isa = PBXFrameworksBuildPhase;
			buildActionMask = 2147483647;
			files = (
			);
			runOnlyForDeploymentPostprocessing = 0;
		};
		82455F671EF4340F00B49AC1 /* Frameworks */ = {
			isa = PBXFrameworksBuildPhase;
			buildActionMask = 2147483647;
			files = (
			);
			runOnlyForDeploymentPostprocessing = 0;
		};
/* End PBXFrameworksBuildPhase section */

/* Begin PBXGroup section */
		82455F501EF4340E00B49AC1 = {
			isa = PBXGroup;
			children = (
				82455F5B1EF4340F00B49AC1 /* CodilityExercises */,
				82455F6D1EF4340F00B49AC1 /* CodilityExercisesTests */,
				82455F5A1EF4340F00B49AC1 /* Products */,
			);
			sourceTree = "<group>";
		};
		82455F5A1EF4340F00B49AC1 /* Products */ = {
			isa = PBXGroup;
			children = (
				82455F591EF4340F00B49AC1 /* CodilityExercises.app */,
				82455F6A1EF4340F00B49AC1 /* CodilityExercisesTests.xctest */,
			);
			name = Products;
			sourceTree = "<group>";
		};
		82455F5B1EF4340F00B49AC1 /* CodilityExercises */ = {
			isa = PBXGroup;
			children = (
				82455F5C1EF4340F00B49AC1 /* AppDelegate.swift */,
				82455F5E1EF4340F00B49AC1 /* ViewController.swift */,
				82455F601EF4340F00B49AC1 /* Assets.xcassets */,
				82455F621EF4340F00B49AC1 /* Main.storyboard */,
				82455F651EF4340F00B49AC1 /* Info.plist */,
			);
			path = CodilityExercises;
			sourceTree = "<group>";
		};
		82455F6D1EF4340F00B49AC1 /* CodilityExercisesTests */ = {
			isa = PBXGroup;
			children = (
				82455F701EF4340F00B49AC1 /* Info.plist */,
				82455F791EF4352500B49AC1 /* Lesson1.swift */,
				82455F7B1EF4399C00B49AC1 /* Lesson2.swift */,
				82455F7D1EF43B0000B49AC1 /* Lesson3.swift */,
				825F9F9C1EF6B1D2006632B8 /* Lesson4.swift */,
				82360E181EFD7C24004CBCDD /* Lesson5.swift */,
			);
			path = CodilityExercisesTests;
			sourceTree = "<group>";
		};
/* End PBXGroup section */

/* Begin PBXNativeTarget section */
		82455F581EF4340F00B49AC1 /* CodilityExercises */ = {
			isa = PBXNativeTarget;
			buildConfigurationList = 82455F731EF4340F00B49AC1 /* Build configuration list for PBXNativeTarget "CodilityExercises" */;
			buildPhases = (
				82455F551EF4340F00B49AC1 /* Sources */,
				82455F561EF4340F00B49AC1 /* Frameworks */,
				82455F571EF4340F00B49AC1 /* Resources */,
			);
			buildRules = (
			);
			dependencies = (
			);
			name = CodilityExercises;
			productName = CodilityExercises;
			productReference = 82455F591EF4340F00B49AC1 /* CodilityExercises.app */;
			productType = "com.apple.product-type.application";
		};
		82455F691EF4340F00B49AC1 /* CodilityExercisesTests */ = {
			isa = PBXNativeTarget;
			buildConfigurationList = 82455F761EF4340F00B49AC1 /* Build configuration list for PBXNativeTarget "CodilityExercisesTests" */;
			buildPhases = (
				82455F661EF4340F00B49AC1 /* Sources */,
				82455F671EF4340F00B49AC1 /* Frameworks */,
				82455F681EF4340F00B49AC1 /* Resources */,
			);
			buildRules = (
			);
			dependencies = (
				82455F6C1EF4340F00B49AC1 /* PBXTargetDependency */,
			);
			name = CodilityExercisesTests;
			productName = CodilityExercisesTests;
			productReference = 82455F6A1EF4340F00B49AC1 /* CodilityExercisesTests.xctest */;
			productType = "com.apple.product-type.bundle.unit-test";
		};
/* End PBXNativeTarget section */

/* Begin PBXProject section */
		82455F511EF4340E00B49AC1 /* Project object */ = {
			isa = PBXProject;
			attributes = {
				LastSwiftUpdateCheck = 0830;
				LastUpgradeCheck = 0830;
				ORGANIZATIONNAME = Serg;
				TargetAttributes = {
					82455F581EF4340F00B49AC1 = {
						CreatedOnToolsVersion = 8.3.2;
						DevelopmentTeam = T75B68U5S7;
						ProvisioningStyle = Automatic;
					};
					82455F691EF4340F00B49AC1 = {
						CreatedOnToolsVersion = 8.3.2;
						DevelopmentTeam = T75B68U5S7;
						ProvisioningStyle = Automatic;
						TestTargetID = 82455F581EF4340F00B49AC1;
					};
				};
			};
			buildConfigurationList = 82455F541EF4340E00B49AC1 /* Build configuration list for PBXProject "CodilityExercises" */;
			compatibilityVersion = "Xcode 3.2";
			developmentRegion = English;
			hasScannedForEncodings = 0;
			knownRegions = (
				en,
				Base,
			);
			mainGroup = 82455F501EF4340E00B49AC1;
			productRefGroup = 82455F5A1EF4340F00B49AC1 /* Products */;
			projectDirPath = "";
			projectRoot = "";
			targets = (
				82455F581EF4340F00B49AC1 /* CodilityExercises */,
				82455F691EF4340F00B49AC1 /* CodilityExercisesTests */,
			);
		};
/* End PBXProject section */

/* Begin PBXResourcesBuildPhase section */
		82455F571EF4340F00B49AC1 /* Resources */ = {
			isa = PBXResourcesBuildPhase;
			buildActionMask = 2147483647;
			files = (
				82455F611EF4340F00B49AC1 /* Assets.xcassets in Resources */,
				82455F641EF4340F00B49AC1 /* Main.storyboard in Resources */,
			);
			runOnlyForDeploymentPostprocessing = 0;
		};
		82455F681EF4340F00B49AC1 /* Resources */ = {
			isa = PBXResourcesBuildPhase;
			buildActionMask = 2147483647;
			files = (
			);
			runOnlyForDeploymentPostprocessing = 0;
		};
/* End PBXResourcesBuildPhase section */

/* Begin PBXSourcesBuildPhase section */
		82455F551EF4340F00B49AC1 /* Sources */ = {
			isa = PBXSourcesBuildPhase;
			buildActionMask = 2147483647;
			files = (
				82455F5F1EF4340F00B49AC1 /* ViewController.swift in Sources */,
				82455F5D1EF4340F00B49AC1 /* AppDelegate.swift in Sources */,
			);
			runOnlyForDeploymentPostprocessing = 0;
		};
		82455F661EF4340F00B49AC1 /* Sources */ = {
			isa = PBXSourcesBuildPhase;
			buildActionMask = 2147483647;
			files = (
				825F9F9D1EF6B1D2006632B8 /* Lesson4.swift in Sources */,
				82360E191EFD7C24004CBCDD /* Lesson5.swift in Sources */,
				82455F7E1EF43B0000B49AC1 /* Lesson3.swift in Sources */,
				82455F7C1EF4399C00B49AC1 /* Lesson2.swift in Sources */,
				82455F7A1EF4352500B49AC1 /* Lesson1.swift in Sources */,
			);
			runOnlyForDeploymentPostprocessing = 0;
		};
/* End PBXSourcesBuildPhase section */

/* Begin PBXTargetDependency section */
		82455F6C1EF4340F00B49AC1 /* PBXTargetDependency */ = {
			isa = PBXTargetDependency;
			target = 82455F581EF4340F00B49AC1 /* CodilityExercises */;
			targetProxy = 82455F6B1EF4340F00B49AC1 /* PBXContainerItemProxy */;
		};
/* End PBXTargetDependency section */

/* Begin PBXVariantGroup section */
		82455F621EF4340F00B49AC1 /* Main.storyboard */ = {
			isa = PBXVariantGroup;
			children = (
				82455F631EF4340F00B49AC1 /* Base */,
			);
			name = Main.storyboard;
			sourceTree = "<group>";
		};
/* End PBXVariantGroup section */

/* Begin XCBuildConfiguration section */
		82455F711EF4340F00B49AC1 /* Debug */ = {
			isa = XCBuildConfiguration;
			buildSettings = {
				ALWAYS_SEARCH_USER_PATHS = NO;
				CLANG_ANALYZER_NONNULL = YES;
				CLANG_ANALYZER_NUMBER_OBJECT_CONVERSION = YES_AGGRESSIVE;
				CLANG_CXX_LANGUAGE_STANDARD = "gnu++0x";
				CLANG_CXX_LIBRARY = "libc++";
				CLANG_ENABLE_MODULES = YES;
				CLANG_ENABLE_OBJC_ARC = YES;
				CLANG_WARN_BOOL_CONVERSION = YES;
				CLANG_WARN_CONSTANT_CONVERSION = YES;
				CLANG_WARN_DIRECT_OBJC_ISA_USAGE = YES_ERROR;
				CLANG_WARN_DOCUMENTATION_COMMENTS = YES;
				CLANG_WARN_EMPTY_BODY = YES;
				CLANG_WARN_ENUM_CONVERSION = YES;
				CLANG_WARN_INFINITE_RECURSION = YES;
				CLANG_WARN_INT_CONVERSION = YES;
				CLANG_WARN_OBJC_ROOT_CLASS = YES_ERROR;
				CLANG_WARN_SUSPICIOUS_MOVE = YES;
				CLANG_WARN_UNREACHABLE_CODE = YES;
				CLANG_WARN__DUPLICATE_METHOD_MATCH = YES;
				CODE_SIGN_IDENTITY = "-";
				COPY_PHASE_STRIP = NO;
				DEBUG_INFORMATION_FORMAT = dwarf;
				ENABLE_STRICT_OBJC_MSGSEND = YES;
				ENABLE_TESTABILITY = YES;
				GCC_C_LANGUAGE_STANDARD = gnu99;
				GCC_DYNAMIC_NO_PIC = NO;
				GCC_NO_COMMON_BLOCKS = YES;
				GCC_OPTIMIZATION_LEVEL = 0;
				GCC_PREPROCESSOR_DEFINITIONS = (
					"DEBUG=1",
					"$(inherited)",
				);
				GCC_WARN_64_TO_32_BIT_CONVERSION = YES;
				GCC_WARN_ABOUT_RETURN_TYPE = YES_ERROR;
				GCC_WARN_UNDECLARED_SELECTOR = YES;
				GCC_WARN_UNINITIALIZED_AUTOS = YES_AGGRESSIVE;
				GCC_WARN_UNUSED_FUNCTION = YES;
				GCC_WARN_UNUSED_VARIABLE = YES;
				MACOSX_DEPLOYMENT_TARGET = 10.12;
				MTL_ENABLE_DEBUG_INFO = YES;
				ONLY_ACTIVE_ARCH = YES;
				SDKROOT = macosx;
				SWIFT_ACTIVE_COMPILATION_CONDITIONS = DEBUG;
				SWIFT_OPTIMIZATION_LEVEL = "-Onone";
			};
			name = Debug;
		};
		82455F721EF4340F00B49AC1 /* Release */ = {
			isa = XCBuildConfiguration;
			buildSettings = {
				ALWAYS_SEARCH_USER_PATHS = NO;
				CLANG_ANALYZER_NONNULL = YES;
				CLANG_ANALYZER_NUMBER_OBJECT_CONVERSION = YES_AGGRESSIVE;
				CLANG_CXX_LANGUAGE_STANDARD = "gnu++0x";
				CLANG_CXX_LIBRARY = "libc++";
				CLANG_ENABLE_MODULES = YES;
				CLANG_ENABLE_OBJC_ARC = YES;
				CLANG_WARN_BOOL_CONVERSION = YES;
				CLANG_WARN_CONSTANT_CONVERSION = YES;
				CLANG_WARN_DIRECT_OBJC_ISA_USAGE = YES_ERROR;
				CLANG_WARN_DOCUMENTATION_COMMENTS = YES;
				CLANG_WARN_EMPTY_BODY = YES;
				CLANG_WARN_ENUM_CONVERSION = YES;
				CLANG_WARN_INFINITE_RECURSION = YES;
				CLANG_WARN_INT_CONVERSION = YES;
				CLANG_WARN_OBJC_ROOT_CLASS = YES_ERROR;
				CLANG_WARN_SUSPICIOUS_MOVE = YES;
				CLANG_WARN_UNREACHABLE_CODE = YES;
				CLANG_WARN__DUPLICATE_METHOD_MATCH = YES;
				CODE_SIGN_IDENTITY = "-";
				COPY_PHASE_STRIP = NO;
				DEBUG_INFORMATION_FORMAT = "dwarf-with-dsym";
				ENABLE_NS_ASSERTIONS = NO;
				ENABLE_STRICT_OBJC_MSGSEND = YES;
				GCC_C_LANGUAGE_STANDARD = gnu99;
				GCC_NO_COMMON_BLOCKS = YES;
				GCC_WARN_64_TO_32_BIT_CONVERSION = YES;
				GCC_WARN_ABOUT_RETURN_TYPE = YES_ERROR;
				GCC_WARN_UNDECLARED_SELECTOR = YES;
				GCC_WARN_UNINITIALIZED_AUTOS = YES_AGGRESSIVE;
				GCC_WARN_UNUSED_FUNCTION = YES;
				GCC_WARN_UNUSED_VARIABLE = YES;
				MACOSX_DEPLOYMENT_TARGET = 10.12;
				MTL_ENABLE_DEBUG_INFO = NO;
				SDKROOT = macosx;
				SWIFT_OPTIMIZATION_LEVEL = "-Owholemodule";
			};
			name = Release;
		};
		82455F741EF4340F00B49AC1 /* Debug */ = {
			isa = XCBuildConfiguration;
			buildSettings = {
				ASSETCATALOG_COMPILER_APPICON_NAME = AppIcon;
				COMBINE_HIDPI_IMAGES = YES;
				DEVELOPMENT_TEAM = T75B68U5S7;
				INFOPLIST_FILE = CodilityExercises/Info.plist;
				LD_RUNPATH_SEARCH_PATHS = "$(inherited) @executable_path/../Frameworks";
				PRODUCT_BUNDLE_IDENTIFIER = SK.CodilityExercises;
				PRODUCT_NAME = "$(TARGET_NAME)";
				SWIFT_VERSION = 3.0;
			};
			name = Debug;
		};
		82455F751EF4340F00B49AC1 /* Release */ = {
			isa = XCBuildConfiguration;
			buildSettings = {
				ASSETCATALOG_COMPILER_APPICON_NAME = AppIcon;
				COMBINE_HIDPI_IMAGES = YES;
				DEVELOPMENT_TEAM = T75B68U5S7;
				INFOPLIST_FILE = CodilityExercises/Info.plist;
				LD_RUNPATH_SEARCH_PATHS = "$(inherited) @executable_path/../Frameworks";
				PRODUCT_BUNDLE_IDENTIFIER = SK.CodilityExercises;
				PRODUCT_NAME = "$(TARGET_NAME)";
				SWIFT_VERSION = 3.0;
			};
			name = Release;
		};
		82455F771EF4340F00B49AC1 /* Debug */ = {
			isa = XCBuildConfiguration;
			buildSettings = {
				ALWAYS_EMBED_SWIFT_STANDARD_LIBRARIES = YES;
				BUNDLE_LOADER = "$(TEST_HOST)";
				COMBINE_HIDPI_IMAGES = YES;
				DEVELOPMENT_TEAM = T75B68U5S7;
				INFOPLIST_FILE = CodilityExercisesTests/Info.plist;
				LD_RUNPATH_SEARCH_PATHS = "$(inherited) @executable_path/../Frameworks @loader_path/../Frameworks";
				PRODUCT_BUNDLE_IDENTIFIER = SK.CodilityExercisesTests;
				PRODUCT_NAME = "$(TARGET_NAME)";
				SWIFT_VERSION = 3.0;
				TEST_HOST = "$(BUILT_PRODUCTS_DIR)/CodilityExercises.app/Contents/MacOS/CodilityExercises";
			};
			name = Debug;
		};
		82455F781EF4340F00B49AC1 /* Release */ = {
			isa = XCBuildConfiguration;
			buildSettings = {
				ALWAYS_EMBED_SWIFT_STANDARD_LIBRARIES = YES;
				BUNDLE_LOADER = "$(TEST_HOST)";
				COMBINE_HIDPI_IMAGES = YES;
				DEVELOPMENT_TEAM = T75B68U5S7;
				INFOPLIST_FILE = CodilityExercisesTests/Info.plist;
				LD_RUNPATH_SEARCH_PATHS = "$(inherited) @executable_path/../Frameworks @loader_path/../Frameworks";
				PRODUCT_BUNDLE_IDENTIFIER = SK.CodilityExercisesTests;
				PRODUCT_NAME = "$(TARGET_NAME)";
				SWIFT_VERSION = 3.0;
				TEST_HOST = "$(BUILT_PRODUCTS_DIR)/CodilityExercises.app/Contents/MacOS/CodilityExercises";
			};
			name = Release;
		};
/* End XCBuildConfiguration section */

/* Begin XCConfigurationList section */
		82455F541EF4340E00B49AC1 /* Build configuration list for PBXProject "CodilityExercises" */ = {
			isa = XCConfigurationList;
			buildConfigurations = (
				82455F711EF4340F00B49AC1 /* Debug */,
				82455F721EF4340F00B49AC1 /* Release */,
			);
			defaultConfigurationIsVisible = 0;
			defaultConfigurationName = Release;
		};
		82455F731EF4340F00B49AC1 /* Build configuration list for PBXNativeTarget "CodilityExercises" */ = {
			isa = XCConfigurationList;
			buildConfigurations = (
				82455F741EF4340F00B49AC1 /* Debug */,
				82455F751EF4340F00B49AC1 /* Release */,
			);
			defaultConfigurationIsVisible = 0;
			defaultConfigurationName = Release;
		};
		82455F761EF4340F00B49AC1 /* Build configuration list for PBXNativeTarget "CodilityExercisesTests" */ = {
			isa = XCConfigurationList;
			buildConfigurations = (
				82455F771EF4340F00B49AC1 /* Debug */,
				82455F781EF4340F00B49AC1 /* Release */,
			);
			defaultConfigurationIsVisible = 0;
			defaultConfigurationName = Release;
		};
/* End XCConfigurationList section */
	};
	rootObject = 82455F511EF4340E00B49AC1 /* Project object */;
}
